
Microsoft Visual Studio Solution File, Format Version 12.00
# Visual Studio 15
VisualStudioVersion = 15.0.27130.2024
MinimumVisualStudioVersion = 10.0.40219.1
Project("{FAE04EC0-301F-11D3-BF4B-00C04F79EFBC}") = "Sprite editor", "Sprite Editor\Sprite editor.csproj", "{1D72370C-EDBB-411B-87BB-92F5E255970A}"
EndProject
Global
	GlobalSection(SolutionConfigurationPlatforms) = preSolution
		Debug|Any CPU = Debug|Any CPU
		Release|Any CPU = Release|Any CPU
	EndGlobalSection
	GlobalSection(ProjectConfigurationPlatforms) = postSolution
		{1D72370C-EDBB-411B-87BB-92F5E255970A}.Debug|Any CPU.ActiveCfg = Debug|Any CPU
		{1D72370C-EDBB-411B-87BB-92F5E255970A}.Debug|Any CPU.Build.0 = Debug|Any CPU
		{1D72370C-EDBB-411B-87BB-92F5E255970A}.Release|Any CPU.ActiveCfg = Release|Any CPU
		{1D72370C-EDBB-411B-87BB-92F5E255970A}.Release|Any CPU.Build.0 = Release|Any CPU
	EndGlobalSection
	GlobalSection(SolutionProperties) = preSolution
		HideSolutionNode = FALSE
	EndGlobalSection
	GlobalSection(ExtensibilityGlobals) = postSolution
		SolutionGuid = {26CCCBC8-34AE-4D4B-926A-F84AEEB6C360}
	EndGlobalSection
EndGlobal
